
Microsoft Visual Studio Solution File, Format Version 12.00
# Visual Studio Version 17
VisualStudioVersion = 17.0.32112.339
MinimumVisualStudioVersion = 10.0.40219.1
Project("{FAE04EC0-301F-11D3-BF4B-00C04F79EFBC}") = "send", "send\send.csproj", "{08AE75C4-D10A-4976-92F4-48ACDCA01F84}"
EndProject
Project("{FAE04EC0-301F-11D3-BF4B-00C04F79EFBC}") = "receive", "..\receive\receive.csproj", "{C5E42FD1-3A96-4F26-B6B4-6EEDD0417B4E}"
EndProject
Project("{2150E333-8FDC-42A3-9474-1A3956D46DE8}") = "HelloWorld", "HelloWorld", "{92BEABBB-7373-419A-9389-60B88E41FB8E}"
EndProject
Project("{2150E333-8FDC-42A3-9474-1A3956D46DE8}") = "Work Queues", "Work Queues", "{353FA4D6-1F6F-4261-A1EC-7CFCA7EB6BB1}"
EndProject
Project("{FAE04EC0-301F-11D3-BF4B-00C04F79EFBC}") = "WorkerSend", "WorkerSend\WorkerSend.csproj", "{99639A9B-56A9-4D14-B3AF-CAB66B781C08}"
EndProject
Project("{FAE04EC0-301F-11D3-BF4B-00C04F79EFBC}") = "NewTaskRecive", "NewTaskRecive\NewTaskRecive.csproj", "{1282447E-5327-477E-A80C-405299B5DF21}"
EndProject
Project("{2150E333-8FDC-42A3-9474-1A3956D46DE8}") = "PublishSubscribe", "PublishSubscribe", "{70884C09-E95D-4752-A778-6A49862D476D}"
EndProject
Project("{FAE04EC0-301F-11D3-BF4B-00C04F79EFBC}") = "Publish", "Publish\Publish.csproj", "{E8132ADD-0E4E-4967-B08C-B981A008DDFD}"
EndProject
Project("{FAE04EC0-301F-11D3-BF4B-00C04F79EFBC}") = "Subscribe", "Subscribe\Subscribe.csproj", "{2057EC2E-B35B-4CCF-861B-1E13F1CF9389}"
EndProject
Project("{2150E333-8FDC-42A3-9474-1A3956D46DE8}") = "Routing", "Routing", "{2D69CED7-A52C-4009-8444-07F097F550FB}"
EndProject
Project("{FAE04EC0-301F-11D3-BF4B-00C04F79EFBC}") = "EmitLogDirectPublish", "EmitLogDirectPublish\EmitLogDirectPublish.csproj", "{D332CEB1-8BE5-4B52-9088-F2D1A4F54523}"
EndProject
Project("{FAE04EC0-301F-11D3-BF4B-00C04F79EFBC}") = "ReceiveLogsDirect", "ReceiveLogsDirect\ReceiveLogsDirect.csproj", "{55F1539B-06DC-4B85-B8F9-A44017B310A4}"
EndProject
Project("{2150E333-8FDC-42A3-9474-1A3956D46DE8}") = "WebRabbitMQ", "WebRabbitMQ", "{0668BE1C-54B2-4CAD-BAC1-E4632800099F}"
EndProject
Project("{FAE04EC0-301F-11D3-BF4B-00C04F79EFBC}") = "Common", "Common\Common.csproj", "{09B5540D-9A4C-4DE0-AE93-D0EA021CA16E}"
EndProject
Project("{FAE04EC0-301F-11D3-BF4B-00C04F79EFBC}") = "WebConsumer", "WebConsumer\WebConsumer.csproj", "{8CC9A318-CCC4-47D6-825F-0FC733E2842F}"
EndProject
Project("{FAE04EC0-301F-11D3-BF4B-00C04F79EFBC}") = "WebProducer", "WebProducer\WebProducer.csproj", "{1F174B67-D779-4096-8FCB-1DA67F36F6BB}"
EndProject
Global
	GlobalSection(SolutionConfigurationPlatforms) = preSolution
		Debug|Any CPU = Debug|Any CPU
		Release|Any CPU = Release|Any CPU
	EndGlobalSection
	GlobalSection(ProjectConfigurationPlatforms) = postSolution
		{08AE75C4-D10A-4976-92F4-48ACDCA01F84}.Debug|Any CPU.ActiveCfg = Debug|Any CPU
		{08AE75C4-D10A-4976-92F4-48ACDCA01F84}.Debug|Any CPU.Build.0 = Debug|Any CPU
		{08AE75C4-D10A-4976-92F4-48ACDCA01F84}.Release|Any CPU.ActiveCfg = Release|Any CPU
		{08AE75C4-D10A-4976-92F4-48ACDCA01F84}.Release|Any CPU.Build.0 = Release|Any CPU
		{C5E42FD1-3A96-4F26-B6B4-6EEDD0417B4E}.Debug|Any CPU.ActiveCfg = Debug|Any CPU
		{C5E42FD1-3A96-4F26-B6B4-6EEDD0417B4E}.Debug|Any CPU.Build.0 = Debug|Any CPU
		{C5E42FD1-3A96-4F26-B6B4-6EEDD0417B4E}.Release|Any CPU.ActiveCfg = Release|Any CPU
		{C5E42FD1-3A96-4F26-B6B4-6EEDD0417B4E}.Release|Any CPU.Build.0 = Release|Any CPU
		{99639A9B-56A9-4D14-B3AF-CAB66B781C08}.Debug|Any CPU.ActiveCfg = Debug|Any CPU
		{99639A9B-56A9-4D14-B3AF-CAB66B781C08}.Debug|Any CPU.Build.0 = Debug|Any CPU
		{99639A9B-56A9-4D14-B3AF-CAB66B781C08}.Release|Any CPU.ActiveCfg = Release|Any CPU
		{99639A9B-56A9-4D14-B3AF-CAB66B781C08}.Release|Any CPU.Build.0 = Release|Any CPU
		{1282447E-5327-477E-A80C-405299B5DF21}.Debug|Any CPU.ActiveCfg = Debug|Any CPU
		{1282447E-5327-477E-A80C-405299B5DF21}.Debug|Any CPU.Build.0 = Debug|Any CPU
		{1282447E-5327-477E-A80C-405299B5DF21}.Release|Any CPU.ActiveCfg = Release|Any CPU
		{1282447E-5327-477E-A80C-405299B5DF21}.Release|Any CPU.Build.0 = Release|Any CPU
		{E8132ADD-0E4E-4967-B08C-B981A008DDFD}.Debug|Any CPU.ActiveCfg = Debug|Any CPU
		{E8132ADD-0E4E-4967-B08C-B981A008DDFD}.Debug|Any CPU.Build.0 = Debug|Any CPU
		{E8132ADD-0E4E-4967-B08C-B981A008DDFD}.Release|Any CPU.ActiveCfg = Release|Any CPU
		{E8132ADD-0E4E-4967-B08C-B981A008DDFD}.Release|Any CPU.Build.0 = Release|Any CPU
		{2057EC2E-B35B-4CCF-861B-1E13F1CF9389}.Debug|Any CPU.ActiveCfg = Debug|Any CPU
		{2057EC2E-B35B-4CCF-861B-1E13F1CF9389}.Debug|Any CPU.Build.0 = Debug|Any CPU
		{2057EC2E-B35B-4CCF-861B-1E13F1CF9389}.Release|Any CPU.ActiveCfg = Release|Any CPU
		{2057EC2E-B35B-4CCF-861B-1E13F1CF9389}.Release|Any CPU.Build.0 = Release|Any CPU
		{D332CEB1-8BE5-4B52-9088-F2D1A4F54523}.Debug|Any CPU.ActiveCfg = Debug|Any CPU
		{D332CEB1-8BE5-4B52-9088-F2D1A4F54523}.Debug|Any CPU.Build.0 = Debug|Any CPU
		{D332CEB1-8BE5-4B52-9088-F2D1A4F54523}.Release|Any CPU.ActiveCfg = Release|Any CPU
		{D332CEB1-8BE5-4B52-9088-F2D1A4F54523}.Release|Any CPU.Build.0 = Release|Any CPU
		{55F1539B-06DC-4B85-B8F9-A44017B310A4}.Debug|Any CPU.ActiveCfg = Debug|Any CPU
		{55F1539B-06DC-4B85-B8F9-A44017B310A4}.Debug|Any CPU.Build.0 = Debug|Any CPU
		{55F1539B-06DC-4B85-B8F9-A44017B310A4}.Release|Any CPU.ActiveCfg = Release|Any CPU
		{55F1539B-06DC-4B85-B8F9-A44017B310A4}.Release|Any CPU.Build.0 = Release|Any CPU
		{09B5540D-9A4C-4DE0-AE93-D0EA021CA16E}.Debug|Any CPU.ActiveCfg = Debug|Any CPU
		{09B5540D-9A4C-4DE0-AE93-D0EA021CA16E}.Debug|Any CPU.Build.0 = Debug|Any CPU
		{09B5540D-9A4C-4DE0-AE93-D0EA021CA16E}.Release|Any CPU.ActiveCfg = Release|Any CPU
		{09B5540D-9A4C-4DE0-AE93-D0EA021CA16E}.Release|Any CPU.Build.0 = Release|Any CPU
		{8CC9A318-CCC4-47D6-825F-0FC733E2842F}.Debug|Any CPU.ActiveCfg = Debug|Any CPU
		{8CC9A318-CCC4-47D6-825F-0FC733E2842F}.Debug|Any CPU.Build.0 = Debug|Any CPU
		{8CC9A318-CCC4-47D6-825F-0FC733E2842F}.Release|Any CPU.ActiveCfg = Release|Any CPU
		{8CC9A318-CCC4-47D6-825F-0FC733E2842F}.Release|Any CPU.Build.0 = Release|Any CPU
		{1F174B67-D779-4096-8FCB-1DA67F36F6BB}.Debug|Any CPU.ActiveCfg = Debug|Any CPU
		{1F174B67-D779-4096-8FCB-1DA67F36F6BB}.Debug|Any CPU.Build.0 = Debug|Any CPU
		{1F174B67-D779-4096-8FCB-1DA67F36F6BB}.Release|Any CPU.ActiveCfg = Release|Any CPU
		{1F174B67-D779-4096-8FCB-1DA67F36F6BB}.Release|Any CPU.Build.0 = Release|Any CPU
	EndGlobalSection
	GlobalSection(SolutionProperties) = preSolution
		HideSolutionNode = FALSE
	EndGlobalSection
	GlobalSection(NestedProjects) = preSolution
		{08AE75C4-D10A-4976-92F4-48ACDCA01F84} = {92BEABBB-7373-419A-9389-60B88E41FB8E}
		{C5E42FD1-3A96-4F26-B6B4-6EEDD0417B4E} = {92BEABBB-7373-419A-9389-60B88E41FB8E}
		{99639A9B-56A9-4D14-B3AF-CAB66B781C08} = {353FA4D6-1F6F-4261-A1EC-7CFCA7EB6BB1}
		{1282447E-5327-477E-A80C-405299B5DF21} = {353FA4D6-1F6F-4261-A1EC-7CFCA7EB6BB1}
		{E8132ADD-0E4E-4967-B08C-B981A008DDFD} = {70884C09-E95D-4752-A778-6A49862D476D}
		{2057EC2E-B35B-4CCF-861B-1E13F1CF9389} = {70884C09-E95D-4752-A778-6A49862D476D}
		{D332CEB1-8BE5-4B52-9088-F2D1A4F54523} = {2D69CED7-A52C-4009-8444-07F097F550FB}
		{55F1539B-06DC-4B85-B8F9-A44017B310A4} = {2D69CED7-A52C-4009-8444-07F097F550FB}
		{09B5540D-9A4C-4DE0-AE93-D0EA021CA16E} = {0668BE1C-54B2-4CAD-BAC1-E4632800099F}
		{8CC9A318-CCC4-47D6-825F-0FC733E2842F} = {0668BE1C-54B2-4CAD-BAC1-E4632800099F}
		{1F174B67-D779-4096-8FCB-1DA67F36F6BB} = {0668BE1C-54B2-4CAD-BAC1-E4632800099F}
	EndGlobalSection
	GlobalSection(ExtensibilityGlobals) = postSolution
		SolutionGuid = {823EE40D-08FD-4358-B30C-618364A4B818}
	EndGlobalSection
EndGlobal
